// !$*UTF8*$!
{
	archiveVersion = 1;
	classes = {
	};
	objectVersion = 50;
	objects = {

/* Begin PBXBuildFile section */
		307719E923D588740047BF19 /* AppDelegate.swift in Sources */ = {isa = PBXBuildFile; fileRef = 307719E823D588740047BF19 /* AppDelegate.swift */; };
		307719EB23D588740047BF19 /* SceneDelegate.swift in Sources */ = {isa = PBXBuildFile; fileRef = 307719EA23D588740047BF19 /* SceneDelegate.swift */; };
		307719ED23D588740047BF19 /* ViewController.swift in Sources */ = {isa = PBXBuildFile; fileRef = 307719EC23D588740047BF19 /* ViewController.swift */; };
		307719F023D588740047BF19 /* Main.storyboard in Resources */ = {isa = PBXBuildFile; fileRef = 307719EE23D588740047BF19 /* Main.storyboard */; };
		307719F223D588750047BF19 /* Assets.xcassets in Resources */ = {isa = PBXBuildFile; fileRef = 307719F123D588750047BF19 /* Assets.xcassets */; };
		307719F523D588750047BF19 /* LaunchScreen.storyboard in Resources */ = {isa = PBXBuildFile; fileRef = 307719F323D588750047BF19 /* LaunchScreen.storyboard */; };
		307719FE23D588FF0047BF19 /* UIBlob.swift in Sources */ = {isa = PBXBuildFile; fileRef = 307719FD23D588FF0047BF19 /* UIBlob.swift */; };
/* End PBXBuildFile section */

/* Begin PBXFileReference section */
		307719E523D588740047BF19 /* UIBlob.app */ = {isa = PBXFileReference; explicitFileType = wrapper.application; includeInIndex = 0; path = UIBlob.app; sourceTree = BUILT_PRODUCTS_DIR; };
		307719E823D588740047BF19 /* AppDelegate.swift */ = {isa = PBXFileReference; lastKnownFileType = sourcecode.swift; path = AppDelegate.swift; sourceTree = "<group>"; };
		307719EA23D588740047BF19 /* SceneDelegate.swift */ = {isa = PBXFileReference; lastKnownFileType = sourcecode.swift; path = SceneDelegate.swift; sourceTree = "<group>"; };
		307719EC23D588740047BF19 /* ViewController.swift */ = {isa = PBXFileReference; lastKnownFileType = sourcecode.swift; path = ViewController.swift; sourceTree = "<group>"; };
		307719EF23D588740047BF19 /* Base */ = {isa = PBXFileReference; lastKnownFileType = file.storyboard; name = Base; path = Base.lproj/Main.storyboard; sourceTree = "<group>"; };
		307719F123D588750047BF19 /* Assets.xcassets */ = {isa = PBXFileReference; lastKnownFileType = folder.assetcatalog; path = Assets.xcassets; sourceTree = "<group>"; };
		307719F423D588750047BF19 /* Base */ = {isa = PBXFileReference; lastKnownFileType = file.storyboard; name = Base; path = Base.lproj/LaunchScreen.storyboard; sourceTree = "<group>"; };
		307719F623D588750047BF19 /* Info.plist */ = {isa = PBXFileReference; lastKnownFileType = text.plist.xml; path = Info.plist; sourceTree = "<group>"; };
		307719FD23D588FF0047BF19 /* UIBlob.swift */ = {isa = PBXFileReference; lastKnownFileType = sourcecode.swift; path = UIBlob.swift; sourceTree = "<group>"; };
/* End PBXFileReference section */

/* Begin PBXFrameworksBuildPhase section */
		307719E223D588740047BF19 /* Frameworks */ = {
			isa = PBXFrameworksBuildPhase;
			buildActionMask = 2147483647;
			files = (
			);
			runOnlyForDeploymentPostprocessing = 0;
		};
/* End PBXFrameworksBuildPhase section */

/* Begin PBXGroup section */
		307719DC23D588740047BF19 = {
			isa = PBXGroup;
			children = (
				307719FC23D588D60047BF19 /* UIBlobExample */,
				307719E723D588740047BF19 /* UIBlob */,
				307719E623D588740047BF19 /* Products */,
			);
			sourceTree = "<group>";
		};
		307719E623D588740047BF19 /* Products */ = {
			isa = PBXGroup;
			children = (
				307719E523D588740047BF19 /* UIBlob.app */,
			);
			name = Products;
			sourceTree = "<group>";
		};
		307719E723D588740047BF19 /* UIBlob */ = {
			isa = PBXGroup;
			children = (
				307719FD23D588FF0047BF19 /* UIBlob.swift */,
			);
			path = UIBlob;
			sourceTree = "<group>";
		};
		307719FC23D588D60047BF19 /* UIBlobExample */ = {
			isa = PBXGroup;
			children = (
				307719E823D588740047BF19 /* AppDelegate.swift */,
				307719EA23D588740047BF19 /* SceneDelegate.swift */,
				307719EC23D588740047BF19 /* ViewController.swift */,
				307719EE23D588740047BF19 /* Main.storyboard */,
				307719F123D588750047BF19 /* Assets.xcassets */,
				307719F323D588750047BF19 /* LaunchScreen.storyboard */,
				307719F623D588750047BF19 /* Info.plist */,
			);
			path = UIBlobExample;
			sourceTree = "<group>";
		};
/* End PBXGroup section */

/* Begin PBXNativeTarget section */
		307719E423D588740047BF19 /* UIBlob */ = {
			isa = PBXNativeTarget;
			buildConfigurationList = 307719F923D588750047BF19 /* Build configuration list for PBXNativeTarget "UIBlob" */;
			buildPhases = (
				307719E123D588740047BF19 /* Sources */,
				307719E223D588740047BF19 /* Frameworks */,
				307719E323D588740047BF19 /* Resources */,
			);
			buildRules = (
			);
			dependencies = (
			);
			name = UIBlob;
			productName = UIBlob;
			productReference = 307719E523D588740047BF19 /* UIBlob.app */;
			productType = "com.apple.product-type.application";
		};
/* End PBXNativeTarget section */

/* Begin PBXProject section */
		307719DD23D588740047BF19 /* Project object */ = {
			isa = PBXProject;
			attributes = {
				LastSwiftUpdateCheck = 1120;
				LastUpgradeCheck = 1120;
				ORGANIZATIONNAME = "Daniel Eke";
				TargetAttributes = {
					307719E423D588740047BF19 = {
						CreatedOnToolsVersion = 11.2.1;
					};
				};
			};
			buildConfigurationList = 307719E023D588740047BF19 /* Build configuration list for PBXProject "UIBlob" */;
			compatibilityVersion = "Xcode 9.3";
			developmentRegion = en;
			hasScannedForEncodings = 0;
			knownRegions = (
				en,
				Base,
			);
			mainGroup = 307719DC23D588740047BF19;
			productRefGroup = 307719E623D588740047BF19 /* Products */;
			projectDirPath = "";
			projectRoot = "";
			targets = (
				307719E423D588740047BF19 /* UIBlob */,
			);
		};
/* End PBXProject section */

/* Begin PBXResourcesBuildPhase section */
		307719E323D588740047BF19 /* Resources */ = {
			isa = PBXResourcesBuildPhase;
			buildActionMask = 2147483647;
			files = (
				307719F523D588750047BF19 /* LaunchScreen.storyboard in Resources */,
				307719F223D588750047BF19 /* Assets.xcassets in Resources */,
				307719F023D588740047BF19 /* Main.storyboard in Resources */,
			);
			runOnlyForDeploymentPostprocessing = 0;
		};
/* End PBXResourcesBuildPhase section */

/* Begin PBXSourcesBuildPhase section */
		307719E123D588740047BF19 /* Sources */ = {
			isa = PBXSourcesBuildPhase;
			buildActionMask = 2147483647;
			files = (
				307719FE23D588FF0047BF19 /* UIBlob.swift in Sources */,
				307719ED23D588740047BF19 /* ViewController.swift in Sources */,
				307719E923D588740047BF19 /* AppDelegate.swift in Sources */,
				307719EB23D588740047BF19 /* SceneDelegate.swift in Sources */,
			);
			runOnlyForDeploymentPostprocessing = 0;
		};
/* End PBXSourcesBuildPhase section */

/* Begin PBXVariantGroup section */
		307719EE23D588740047BF19 /* Main.storyboard */ = {
			isa = PBXVariantGroup;
			children = (
				307719EF23D588740047BF19 /* Base */,
			);
			name = Main.storyboard;
			sourceTree = "<group>";
		};
		307719F323D588750047BF19 /* LaunchScreen.storyboard */ = {
			isa = PBXVariantGroup;
			children = (
				307719F423D588750047BF19 /* Base */,
			);
			name = LaunchScreen.storyboard;
			sourceTree = "<group>";
		};
/* End PBXVariantGroup section */

/* Begin XCBuildConfiguration section */
		307719F723D588750047BF19 /* Debug */ = {
			isa = XCBuildConfiguration;
			buildSettings = {
				ALWAYS_SEARCH_USER_PATHS = NO;
				CLANG_ANALYZER_NONNULL = YES;
				CLANG_ANALYZER_NUMBER_OBJECT_CONVERSION = YES_AGGRESSIVE;
				CLANG_CXX_LANGUAGE_STANDARD = "gnu++14";
				CLANG_CXX_LIBRARY = "libc++";
				CLANG_ENABLE_MODULES = YES;
				CLANG_ENABLE_OBJC_ARC = YES;
				CLANG_ENABLE_OBJC_WEAK = YES;
				CLANG_WARN_BLOCK_CAPTURE_AUTORELEASING = YES;
				CLANG_WARN_BOOL_CONVERSION = YES;
				CLANG_WARN_COMMA = YES;
				CLANG_WARN_CONSTANT_CONVERSION = YES;
				CLANG_WARN_DEPRECATED_OBJC_IMPLEMENTATIONS = YES;
				CLANG_WARN_DIRECT_OBJC_ISA_USAGE = YES_ERROR;
				CLANG_WARN_DOCUMENTATION_COMMENTS = YES;
				CLANG_WARN_EMPTY_BODY = YES;
				CLANG_WARN_ENUM_CONVERSION = YES;
				CLANG_WARN_INFINITE_RECURSION = YES;
				CLANG_WARN_INT_CONVERSION = YES;
				CLANG_WARN_NON_LITERAL_NULL_CONVERSION = YES;
				CLANG_WARN_OBJC_IMPLICIT_RETAIN_SELF = YES;
				CLANG_WARN_OBJC_LITERAL_CONVERSION = YES;
				CLANG_WARN_OBJC_ROOT_CLASS = YES_ERROR;
				CLANG_WARN_RANGE_LOOP_ANALYSIS = YES;
				CLANG_WARN_STRICT_PROTOTYPES = YES;
				CLANG_WARN_SUSPICIOUS_MOVE = YES;
				CLANG_WARN_UNGUARDED_AVAILABILITY = YES_AGGRESSIVE;
				CLANG_WARN_UNREACHABLE_CODE = YES;
				CLANG_WARN__DUPLICATE_METHOD_MATCH = YES;
				COPY_PHASE_STRIP = NO;
				DEBUG_INFORMATION_FORMAT = dwarf;
				ENABLE_STRICT_OBJC_MSGSEND = YES;
				ENABLE_TESTABILITY = YES;
				GCC_C_LANGUAGE_STANDARD = gnu11;
				GCC_DYNAMIC_NO_PIC = NO;
				GCC_NO_COMMON_BLOCKS = YES;
				GCC_OPTIMIZATION_LEVEL = 0;
				GCC_PREPROCESSOR_DEFINITIONS = (
					"DEBUG=1",
					"$(inherited)",
				);
				GCC_WARN_64_TO_32_BIT_CONVERSION = YES;
				GCC_WARN_ABOUT_RETURN_TYPE = YES_ERROR;
				GCC_WARN_UNDECLARED_SELECTOR = YES;
				GCC_WARN_UNINITIALIZED_AUTOS = YES_AGGRESSIVE;
				GCC_WARN_UNUSED_FUNCTION = YES;
				GCC_WARN_UNUSED_VARIABLE = YES;
				IPHONEOS_DEPLOYMENT_TARGET = 13.2;
				MTL_ENABLE_DEBUG_INFO = INCLUDE_SOURCE;
				MTL_FAST_MATH = YES;
				ONLY_ACTIVE_ARCH = YES;
				SDKROOT = iphoneos;
				SWIFT_ACTIVE_COMPILATION_CONDITIONS = DEBUG;
				SWIFT_OPTIMIZATION_LEVEL = "-Onone";
			};
			name = Debug;
		};
		307719F823D588750047BF19 /* Release */ = {
			isa = XCBuildConfiguration;
			buildSettings = {
				ALWAYS_SEARCH_USER_PATHS = NO;
				CLANG_ANALYZER_NONNULL = YES;
				CLANG_ANALYZER_NUMBER_OBJECT_CONVERSION = YES_AGGRESSIVE;
				CLANG_CXX_LANGUAGE_STANDARD = "gnu++14";
				CLANG_CXX_LIBRARY = "libc++";
				CLANG_ENABLE_MODULES = YES;
				CLANG_ENABLE_OBJC_ARC = YES;
				CLANG_ENABLE_OBJC_WEAK = YES;
				CLANG_WARN_BLOCK_CAPTURE_AUTORELEASING = YES;
				CLANG_WARN_BOOL_CONVERSION = YES;
				CLANG_WARN_COMMA = YES;
				CLANG_WARN_CONSTANT_CONVERSION = YES;
				CLANG_WARN_DEPRECATED_OBJC_IMPLEMENTATIONS = YES;
				CLANG_WARN_DIRECT_OBJC_ISA_USAGE = YES_ERROR;
				CLANG_WARN_DOCUMENTATION_COMMENTS = YES;
				CLANG_WARN_EMPTY_BODY = YES;
				CLANG_WARN_ENUM_CONVERSION = YES;
				CLANG_WARN_INFINITE_RECURSION = YES;
				CLANG_WARN_INT_CONVERSION = YES;
				CLANG_WARN_NON_LITERAL_NULL_CONVERSION = YES;
				CLANG_WARN_OBJC_IMPLICIT_RETAIN_SELF = YES;
				CLANG_WARN_OBJC_LITERAL_CONVERSION = YES;
				CLANG_WARN_OBJC_ROOT_CLASS = YES_ERROR;
				CLANG_WARN_RANGE_LOOP_ANALYSIS = YES;
				CLANG_WARN_STRICT_PROTOTYPES = YES;
				CLANG_WARN_SUSPICIOUS_MOVE = YES;
				CLANG_WARN_UNGUARDED_AVAILABILITY = YES_AGGRESSIVE;
				CLANG_WARN_UNREACHABLE_CODE = YES;
				CLANG_WARN__DUPLICATE_METHOD_MATCH = YES;
				COPY_PHASE_STRIP = NO;
				DEBUG_INFORMATION_FORMAT = "dwarf-with-dsym";
				ENABLE_NS_ASSERTIONS = NO;
				ENABLE_STRICT_OBJC_MSGSEND = YES;
				GCC_C_LANGUAGE_STANDARD = gnu11;
				GCC_NO_COMMON_BLOCKS = YES;
				GCC_WARN_64_TO_32_BIT_CONVERSION = YES;
				GCC_WARN_ABOUT_RETURN_TYPE = YES_ERROR;
				GCC_WARN_UNDECLARED_SELECTOR = YES;
				GCC_WARN_UNINITIALIZED_AUTOS = YES_AGGRESSIVE;
				GCC_WARN_UNUSED_FUNCTION = YES;
				GCC_WARN_UNUSED_VARIABLE = YES;
				IPHONEOS_DEPLOYMENT_TARGET = 13.2;
				MTL_ENABLE_DEBUG_INFO = NO;
				MTL_FAST_MATH = YES;
				SDKROOT = iphoneos;
				SWIFT_COMPILATION_MODE = wholemodule;
				SWIFT_OPTIMIZATION_LEVEL = "-O";
				VALIDATE_PRODUCT = YES;
			};
			name = Release;
		};
		307719FA23D588750047BF19 /* Debug */ = {
			isa = XCBuildConfiguration;
			buildSettings = {
				ASSETCATALOG_COMPILER_APPICON_NAME = AppIcon;
				CODE_SIGN_STYLE = Automatic;
				DEVELOPMENT_TEAM = BV2J795K69;
				INFOPLIST_FILE = UIBlobExample/Info.plist;
				LD_RUNPATH_SEARCH_PATHS = (
					"$(inherited)",
					"@executable_path/Frameworks",
				);
				PRODUCT_BUNDLE_IDENTIFIER = hu.danieleke.UIBlob;
				PRODUCT_NAME = "$(TARGET_NAME)";
				SWIFT_VERSION = 5.0;
				TARGETED_DEVICE_FAMILY = "1,2";
			};
			name = Debug;
		};
		307719FB23D588750047BF19 /* Release */ = {
			isa = XCBuildConfiguration;
			buildSettings = {
				ASSETCATALOG_COMPILER_APPICON_NAME = AppIcon;
				CODE_SIGN_STYLE = Automatic;
				DEVELOPMENT_TEAM = BV2J795K69;
				INFOPLIST_FILE = UIBlobExample/Info.plist;
				LD_RUNPATH_SEARCH_PATHS = (
					"$(inherited)",
					"@executable_path/Frameworks",
				);
				PRODUCT_BUNDLE_IDENTIFIER = hu.danieleke.UIBlob;
				PRODUCT_NAME = "$(TARGET_NAME)";
				SWIFT_VERSION = 5.0;
				TARGETED_DEVICE_FAMILY = "1,2";
			};
			name = Release;
		};
/* End XCBuildConfiguration section */

/* Begin XCConfigurationList section */
		307719E023D588740047BF19 /* Build configuration list for PBXProject "UIBlob" */ = {
			isa = XCConfigurationList;
			buildConfigurations = (
				307719F723D588750047BF19 /* Debug */,
				307719F823D588750047BF19 /* Release */,
			);
			defaultConfigurationIsVisible = 0;
			defaultConfigurationName = Release;
		};
		307719F923D588750047BF19 /* Build configuration list for PBXNativeTarget "UIBlob" */ = {
			isa = XCConfigurationList;
			buildConfigurations = (
				307719FA23D588750047BF19 /* Debug */,
				307719FB23D588750047BF19 /* Release */,
			);
			defaultConfigurationIsVisible = 0;
			defaultConfigurationName = Release;
		};
/* End XCConfigurationList section */
	};
	rootObject = 307719DD23D588740047BF19 /* Project object */;
}
